
Microsoft Visual Studio Solution File, Format Version 12.00
# Visual Studio 14
VisualStudioVersion = 14.0.24720.0
MinimumVisualStudioVersion = 10.0.40219.1
Project("{2150E333-8FDC-42A3-9474-1A3956D46DE8}") = ".paket", ".paket", "{BDA08917-18E6-497A-9E7A-8FA395BF2741}"
	ProjectSection(SolutionItems) = preProject
		paket.dependencies = paket.dependencies
		Readme.paket.md = Readme.paket.md
	EndProjectSection
EndProject
Project("{FAE04EC0-301F-11D3-BF4B-00C04F79EFBC}") = "Gu.Wpf.PropertyGrid", "Gu.Wpf.PropertyGrid.Controls\Gu.Wpf.PropertyGrid.csproj", "{7DDAB84F-2416-413B-AE7A-6F2D75B2882D}"
EndProject
Project("{FAE04EC0-301F-11D3-BF4B-00C04F79EFBC}") = "Gu.Wpf.PropertyGrid.Demo", "Gu.Wpf.PropertyGrid.Demo\Gu.Wpf.PropertyGrid.Demo.csproj", "{917C1338-E809-43D8-A10D-AA2629891258}"
EndProject
Project("{FAE04EC0-301F-11D3-BF4B-00C04F79EFBC}") = "Gu.Wpf.PropertyGrid.Tests", "Gu.Wpf.PropertyGrid.Tests\Gu.Wpf.PropertyGrid.Tests.csproj", "{3E9EF147-E92A-46EE-8A4A-886935AD1560}"
EndProject
Global
	GlobalSection(SolutionConfigurationPlatforms) = preSolution
		Debug|Any CPU = Debug|Any CPU
		Release|Any CPU = Release|Any CPU
	EndGlobalSection
	GlobalSection(ProjectConfigurationPlatforms) = postSolution
		{7DDAB84F-2416-413B-AE7A-6F2D75B2882D}.Debug|Any CPU.ActiveCfg = Debug|Any CPU
		{7DDAB84F-2416-413B-AE7A-6F2D75B2882D}.Debug|Any CPU.Build.0 = Debug|Any CPU
		{7DDAB84F-2416-413B-AE7A-6F2D75B2882D}.Release|Any CPU.ActiveCfg = Release|Any CPU
		{7DDAB84F-2416-413B-AE7A-6F2D75B2882D}.Release|Any CPU.Build.0 = Release|Any CPU
		{917C1338-E809-43D8-A10D-AA2629891258}.Debug|Any CPU.ActiveCfg = Debug|Any CPU
		{917C1338-E809-43D8-A10D-AA2629891258}.Debug|Any CPU.Build.0 = Debug|Any CPU
		{917C1338-E809-43D8-A10D-AA2629891258}.Release|Any CPU.ActiveCfg = Release|Any CPU
		{917C1338-E809-43D8-A10D-AA2629891258}.Release|Any CPU.Build.0 = Release|Any CPU
		{3E9EF147-E92A-46EE-8A4A-886935AD1560}.Debug|Any CPU.ActiveCfg = Debug|Any CPU
		{3E9EF147-E92A-46EE-8A4A-886935AD1560}.Debug|Any CPU.Build.0 = Debug|Any CPU
		{3E9EF147-E92A-46EE-8A4A-886935AD1560}.Release|Any CPU.ActiveCfg = Release|Any CPU
		{3E9EF147-E92A-46EE-8A4A-886935AD1560}.Release|Any CPU.Build.0 = Release|Any CPU
	EndGlobalSection
	GlobalSection(SolutionProperties) = preSolution
		HideSolutionNode = FALSE
	EndGlobalSection
EndGlobal
